Microsoft Visual Studio Solution File, Format Version 12.00
# Visual Studio Version 17
VisualStudioVersion = 17.5.2.0
MinimumVisualStudioVersion = 10.0.40219.1
Project("{FAE04EC0-301F-11D3-BF4B-00C04F79EFBC}") = "Loan.API", "Loan.API.csproj", "{A48FCE27-6237-785A-9EC9-56287CD9D056}"
EndProject
Global
	GlobalSection(SolutionConfigurationPlatforms) = preSolution
		Debug|Any CPU = Debug|Any CPU
		Release|Any CPU = Release|Any CPU
	EndGlobalSection
	GlobalSection(ProjectConfigurationPlatforms) = postSolution
		{A48FCE27-6237-785A-9EC9-56287CD9D056}.Debug|Any CPU.ActiveCfg = Debug|Any CPU
		{A48FCE27-6237-785A-9EC9-56287CD9D056}.Debug|Any CPU.Build.0 = Debug|Any CPU
		{A48FCE27-6237-785A-9EC9-56287CD9D056}.Release|Any CPU.ActiveCfg = Release|Any CPU
		{A48FCE27-6237-785A-9EC9-56287CD9D056}.Release|Any CPU.Build.0 = Release|Any CPU
	EndGlobalSection
	GlobalSection(SolutionProperties) = preSolution
		HideSolutionNode = FALSE
	EndGlobalSection
	GlobalSection(ExtensibilityGlobals) = postSolution
		SolutionGuid = {6D5B7493-9284-4BE7-A80F-5AC0C5526AF1}
	EndGlobalSection
EndGlobal
